
Microsoft Visual Studio Solution File, Format Version 12.00
# Visual Studio 15
VisualStudioVersion = 15.0.28307.1401
MinimumVisualStudioVersion = 10.0.40219.1
Project("{FAE04EC0-301F-11D3-BF4B-00C04F79EFBC}") = "Kodluyoruz", "Kodluyoruz\Kodluyoruz.csproj", "{D1896286-8333-479E-BD28-6C68C92C0FD6}"
EndProject
Project("{9A19103F-16F7-4668-BE54-9A1E7A4F7556}") = "NetCoreApp", "NetCoreApp\NetCoreApp.csproj", "{1B5605DF-2A24-4828-9CB7-5D1994ED7050}"
EndProject
Project("{FAE04EC0-301F-11D3-BF4B-00C04F79EFBC}") = "Degiskenler", "Degiskenler\Degiskenler.csproj", "{093DB2A5-12CD-417F-8B75-7C347B09FEA0}"
EndProject
Project("{FAE04EC0-301F-11D3-BF4B-00C04F79EFBC}") = "Odev1", "Odev1\Odev1.csproj", "{2507B861-358B-4662-A894-EDE0C5736D26}"
EndProject
Project("{FAE04EC0-301F-11D3-BF4B-00C04F79EFBC}") = "generics_list", "generics_list\generics_list.csproj", "{5D8253C6-2D6B-4788-A5A3-D54521538C91}"
EndProject
Project("{FAE04EC0-301F-11D3-BF4B-00C04F79EFBC}") = "array_list.cs", "array_list.cs\array_list.cs.csproj", "{9A2FCA52-51AC-4037-8138-2867E38A0035}"
EndProject
Project("{FAE04EC0-301F-11D3-BF4B-00C04F79EFBC}") = "Dictionary", "Dictionary\Dictionary.csproj", "{8D6F3256-BC07-4965-818E-4F838436BA18}"
EndProject
Project("{FAE04EC0-301F-11D3-BF4B-00C04F79EFBC}") = "Koleksiyonlar-Soru-1", "Koleksiyonlar-Soru-1\Koleksiyonlar-Soru-1.csproj", "{8EDF5A46-C6E7-4C12-8560-58ED80082DF9}"
EndProject
Project("{FAE04EC0-301F-11D3-BF4B-00C04F79EFBC}") = "Koleksiyonlar-Soru-2", "Koleksiyonlar-Soru-2\Koleksiyonlar-Soru-2.csproj", "{22304F4A-E615-4896-849A-7FF9C1C1D1EF}"
EndProject
Project("{FAE04EC0-301F-11D3-BF4B-00C04F79EFBC}") = "Koleksiyonlar-Soru-3", "Koleksiyonlar-Soru-3\Koleksiyonlar-Soru-3.csproj", "{A3C3364F-027D-4F22-ADED-9F55DA67A0B9}"
EndProject
Project("{FAE04EC0-301F-11D3-BF4B-00C04F79EFBC}") = "Classes", "Classes\Classes.csproj", "{0232B6BD-E2A5-46CF-B664-340DE6589E94}"
EndProject
Project("{FAE04EC0-301F-11D3-BF4B-00C04F79EFBC}") = "Constructors", "Constructors\Constructors.csproj", "{98EB0CE1-8A05-4A90-92BF-3AD8AB91E926}"
EndProject
Project("{FAE04EC0-301F-11D3-BF4B-00C04F79EFBC}") = "Encapsulations", "Encapsulations\Encapsulations.csproj", "{FE6C1AEB-E9A7-4205-9CA4-261A2AC2EB16}"
EndProject
Project("{FAE04EC0-301F-11D3-BF4B-00C04F79EFBC}") = "Statics", "Statics\Statics.csproj", "{3FC660A5-AF29-49C2-9958-D96916830CDA}"
EndProject
Project("{FAE04EC0-301F-11D3-BF4B-00C04F79EFBC}") = "Enums", "Enums\Enums.csproj", "{CC0CF749-DCDF-41D3-A48D-9E224E9BFC18}"
EndProject
Project("{FAE04EC0-301F-11D3-BF4B-00C04F79EFBC}") = "Interfaces", "Interfaces\Interfaces.csproj", "{84632E96-B05A-491A-8F7E-515381C5E279}"
EndProject
Project("{FAE04EC0-301F-11D3-BF4B-00C04F79EFBC}") = "ConsoleTelefonRehberi", "ConsoleTelefonRehberi\ConsoleTelefonRehberi.csproj", "{EDBFA6A7-B08F-423D-9CCC-472DD39468E9}"
EndProject
Project("{FAE04EC0-301F-11D3-BF4B-00C04F79EFBC}") = "ToDoApp", "ToDoApp\ToDoApp.csproj", "{4B34A222-B6AC-437C-B446-8B539AC5F78A}"
EndProject
Global
	GlobalSection(SolutionConfigurationPlatforms) = preSolution
		Debug|Any CPU = Debug|Any CPU
		Release|Any CPU = Release|Any CPU
	EndGlobalSection
	GlobalSection(ProjectConfigurationPlatforms) = postSolution
		{D1896286-8333-479E-BD28-6C68C92C0FD6}.Debug|Any CPU.ActiveCfg = Debug|Any CPU
		{D1896286-8333-479E-BD28-6C68C92C0FD6}.Debug|Any CPU.Build.0 = Debug|Any CPU
		{D1896286-8333-479E-BD28-6C68C92C0FD6}.Release|Any CPU.ActiveCfg = Release|Any CPU
		{D1896286-8333-479E-BD28-6C68C92C0FD6}.Release|Any CPU.Build.0 = Release|Any CPU
		{1B5605DF-2A24-4828-9CB7-5D1994ED7050}.Debug|Any CPU.ActiveCfg = Debug|Any CPU
		{1B5605DF-2A24-4828-9CB7-5D1994ED7050}.Debug|Any CPU.Build.0 = Debug|Any CPU
		{1B5605DF-2A24-4828-9CB7-5D1994ED7050}.Release|Any CPU.ActiveCfg = Release|Any CPU
		{1B5605DF-2A24-4828-9CB7-5D1994ED7050}.Release|Any CPU.Build.0 = Release|Any CPU
		{093DB2A5-12CD-417F-8B75-7C347B09FEA0}.Debug|Any CPU.ActiveCfg = Debug|Any CPU
		{093DB2A5-12CD-417F-8B75-7C347B09FEA0}.Debug|Any CPU.Build.0 = Debug|Any CPU
		{093DB2A5-12CD-417F-8B75-7C347B09FEA0}.Release|Any CPU.ActiveCfg = Release|Any CPU
		{093DB2A5-12CD-417F-8B75-7C347B09FEA0}.Release|Any CPU.Build.0 = Release|Any CPU
		{2507B861-358B-4662-A894-EDE0C5736D26}.Debug|Any CPU.ActiveCfg = Debug|Any CPU
		{2507B861-358B-4662-A894-EDE0C5736D26}.Debug|Any CPU.Build.0 = Debug|Any CPU
		{2507B861-358B-4662-A894-EDE0C5736D26}.Release|Any CPU.ActiveCfg = Release|Any CPU
		{2507B861-358B-4662-A894-EDE0C5736D26}.Release|Any CPU.Build.0 = Release|Any CPU
		{5D8253C6-2D6B-4788-A5A3-D54521538C91}.Debug|Any CPU.ActiveCfg = Debug|Any CPU
		{5D8253C6-2D6B-4788-A5A3-D54521538C91}.Debug|Any CPU.Build.0 = Debug|Any CPU
		{5D8253C6-2D6B-4788-A5A3-D54521538C91}.Release|Any CPU.ActiveCfg = Release|Any CPU
		{5D8253C6-2D6B-4788-A5A3-D54521538C91}.Release|Any CPU.Build.0 = Release|Any CPU
		{9A2FCA52-51AC-4037-8138-2867E38A0035}.Debug|Any CPU.ActiveCfg = Debug|Any CPU
		{9A2FCA52-51AC-4037-8138-2867E38A0035}.Debug|Any CPU.Build.0 = Debug|Any CPU
		{9A2FCA52-51AC-4037-8138-2867E38A0035}.Release|Any CPU.ActiveCfg = Release|Any CPU
		{9A2FCA52-51AC-4037-8138-2867E38A0035}.Release|Any CPU.Build.0 = Release|Any CPU
		{8D6F3256-BC07-4965-818E-4F838436BA18}.Debug|Any CPU.ActiveCfg = Debug|Any CPU
		{8D6F3256-BC07-4965-818E-4F838436BA18}.Debug|Any CPU.Build.0 = Debug|Any CPU
		{8D6F3256-BC07-4965-818E-4F838436BA18}.Release|Any CPU.ActiveCfg = Release|Any CPU
		{8D6F3256-BC07-4965-818E-4F838436BA18}.Release|Any CPU.Build.0 = Release|Any CPU
		{8EDF5A46-C6E7-4C12-8560-58ED80082DF9}.Debug|Any CPU.ActiveCfg = Debug|Any CPU
		{8EDF5A46-C6E7-4C12-8560-58ED80082DF9}.Debug|Any CPU.Build.0 = Debug|Any CPU
		{8EDF5A46-C6E7-4C12-8560-58ED80082DF9}.Release|Any CPU.ActiveCfg = Release|Any CPU
		{8EDF5A46-C6E7-4C12-8560-58ED80082DF9}.Release|Any CPU.Build.0 = Release|Any CPU
		{22304F4A-E615-4896-849A-7FF9C1C1D1EF}.Debug|Any CPU.ActiveCfg = Debug|Any CPU
		{22304F4A-E615-4896-849A-7FF9C1C1D1EF}.Debug|Any CPU.Build.0 = Debug|Any CPU
		{22304F4A-E615-4896-849A-7FF9C1C1D1EF}.Release|Any CPU.ActiveCfg = Release|Any CPU
		{22304F4A-E615-4896-849A-7FF9C1C1D1EF}.Release|Any CPU.Build.0 = Release|Any CPU
		{A3C3364F-027D-4F22-ADED-9F55DA67A0B9}.Debug|Any CPU.ActiveCfg = Debug|Any CPU
		{A3C3364F-027D-4F22-ADED-9F55DA67A0B9}.Debug|Any CPU.Build.0 = Debug|Any CPU
		{A3C3364F-027D-4F22-ADED-9F55DA67A0B9}.Release|Any CPU.ActiveCfg = Release|Any CPU
		{A3C3364F-027D-4F22-ADED-9F55DA67A0B9}.Release|Any CPU.Build.0 = Release|Any CPU
		{0232B6BD-E2A5-46CF-B664-340DE6589E94}.Debug|Any CPU.ActiveCfg = Debug|Any CPU
		{0232B6BD-E2A5-46CF-B664-340DE6589E94}.Debug|Any CPU.Build.0 = Debug|Any CPU
		{0232B6BD-E2A5-46CF-B664-340DE6589E94}.Release|Any CPU.ActiveCfg = Release|Any CPU
		{0232B6BD-E2A5-46CF-B664-340DE6589E94}.Release|Any CPU.Build.0 = Release|Any CPU
		{98EB0CE1-8A05-4A90-92BF-3AD8AB91E926}.Debug|Any CPU.ActiveCfg = Debug|Any CPU
		{98EB0CE1-8A05-4A90-92BF-3AD8AB91E926}.Debug|Any CPU.Build.0 = Debug|Any CPU
		{98EB0CE1-8A05-4A90-92BF-3AD8AB91E926}.Release|Any CPU.ActiveCfg = Release|Any CPU
		{98EB0CE1-8A05-4A90-92BF-3AD8AB91E926}.Release|Any CPU.Build.0 = Release|Any CPU
		{FE6C1AEB-E9A7-4205-9CA4-261A2AC2EB16}.Debug|Any CPU.ActiveCfg = Debug|Any CPU
		{FE6C1AEB-E9A7-4205-9CA4-261A2AC2EB16}.Debug|Any CPU.Build.0 = Debug|Any CPU
		{FE6C1AEB-E9A7-4205-9CA4-261A2AC2EB16}.Release|Any CPU.ActiveCfg = Release|Any CPU
		{FE6C1AEB-E9A7-4205-9CA4-261A2AC2EB16}.Release|Any CPU.Build.0 = Release|Any CPU
		{3FC660A5-AF29-49C2-9958-D96916830CDA}.Debug|Any CPU.ActiveCfg = Debug|Any CPU
		{3FC660A5-AF29-49C2-9958-D96916830CDA}.Debug|Any CPU.Build.0 = Debug|Any CPU
		{3FC660A5-AF29-49C2-9958-D96916830CDA}.Release|Any CPU.ActiveCfg = Release|Any CPU
		{3FC660A5-AF29-49C2-9958-D96916830CDA}.Release|Any CPU.Build.0 = Release|Any CPU
		{CC0CF749-DCDF-41D3-A48D-9E224E9BFC18}.Debug|Any CPU.ActiveCfg = Debug|Any CPU
		{CC0CF749-DCDF-41D3-A48D-9E224E9BFC18}.Debug|Any CPU.Build.0 = Debug|Any CPU
		{CC0CF749-DCDF-41D3-A48D-9E224E9BFC18}.Release|Any CPU.ActiveCfg = Release|Any CPU
		{CC0CF749-DCDF-41D3-A48D-9E224E9BFC18}.Release|Any CPU.Build.0 = Release|Any CPU
		{84632E96-B05A-491A-8F7E-515381C5E279}.Debug|Any CPU.ActiveCfg = Debug|Any CPU
		{84632E96-B05A-491A-8F7E-515381C5E279}.Debug|Any CPU.Build.0 = Debug|Any CPU
		{84632E96-B05A-491A-8F7E-515381C5E279}.Release|Any CPU.ActiveCfg = Release|Any CPU
		{84632E96-B05A-491A-8F7E-515381C5E279}.Release|Any CPU.Build.0 = Release|Any CPU
		{EDBFA6A7-B08F-423D-9CCC-472DD39468E9}.Debug|Any CPU.ActiveCfg = Debug|Any CPU
		{EDBFA6A7-B08F-423D-9CCC-472DD39468E9}.Debug|Any CPU.Build.0 = Debug|Any CPU
		{EDBFA6A7-B08F-423D-9CCC-472DD39468E9}.Release|Any CPU.ActiveCfg = Release|Any CPU
		{EDBFA6A7-B08F-423D-9CCC-472DD39468E9}.Release|Any CPU.Build.0 = Release|Any CPU
		{4B34A222-B6AC-437C-B446-8B539AC5F78A}.Debug|Any CPU.ActiveCfg = Debug|Any CPU
		{4B34A222-B6AC-437C-B446-8B539AC5F78A}.Debug|Any CPU.Build.0 = Debug|Any CPU
		{4B34A222-B6AC-437C-B446-8B539AC5F78A}.Release|Any CPU.ActiveCfg = Release|Any CPU
		{4B34A222-B6AC-437C-B446-8B539AC5F78A}.Release|Any CPU.Build.0 = Release|Any CPU
	EndGlobalSection
	GlobalSection(SolutionProperties) = preSolution
		HideSolutionNode = FALSE
	EndGlobalSection
	GlobalSection(ExtensibilityGlobals) = postSolution
		SolutionGuid = {227BFD25-6E05-4D38-8D65-C0CC13A38E84}
	EndGlobalSection
EndGlobal
