
Microsoft Visual Studio Solution File, Format Version 12.00
# Visual Studio 15
VisualStudioVersion = 15.0.28307.1401
MinimumVisualStudioVersion = 10.0.40219.1
Project("{FAE04EC0-301F-11D3-BF4B-00C04F79EFBC}") = "Kodluyoruz", "Kodluyoruz\Kodluyoruz.csproj", "{D1896286-8333-479E-BD28-6C68C92C0FD6}"
EndProject
Project("{9A19103F-16F7-4668-BE54-9A1E7A4F7556}") = "NetCoreApp", "NetCoreApp\NetCoreApp.csproj", "{1B5605DF-2A24-4828-9CB7-5D1994ED7050}"
EndProject
Project("{FAE04EC0-301F-11D3-BF4B-00C04F79EFBC}") = "Degiskenler", "Degiskenler\Degiskenler.csproj", "{093DB2A5-12CD-417F-8B75-7C347B09FEA0}"
EndProject
Project("{FAE04EC0-301F-11D3-BF4B-00C04F79EFBC}") = "Odev1", "Odev1\Odev1.csproj", "{2507B861-358B-4662-A894-EDE0C5736D26}"
EndProject
Project("{FAE04EC0-301F-11D3-BF4B-00C04F79EFBC}") = "generics_list", "generics_list\generics_list.csproj", "{5D8253C6-2D6B-4788-A5A3-D54521538C91}"
EndProject
Project("{FAE04EC0-301F-11D3-BF4B-00C04F79EFBC}") = "array_list.cs", "array_list.cs\array_list.cs.csproj", "{9A2FCA52-51AC-4037-8138-2867E38A0035}"
EndProject
Global
	GlobalSection(SolutionConfigurationPlatforms) = preSolution
		Debug|Any CPU = Debug|Any CPU
		Release|Any CPU = Release|Any CPU
	EndGlobalSection
	GlobalSection(ProjectConfigurationPlatforms) = postSolution
		{D1896286-8333-479E-BD28-6C68C92C0FD6}.Debug|Any CPU.ActiveCfg = Debug|Any CPU
		{D1896286-8333-479E-BD28-6C68C92C0FD6}.Debug|Any CPU.Build.0 = Debug|Any CPU
		{D1896286-8333-479E-BD28-6C68C92C0FD6}.Release|Any CPU.ActiveCfg = Release|Any CPU
		{D1896286-8333-479E-BD28-6C68C92C0FD6}.Release|Any CPU.Build.0 = Release|Any CPU
		{1B5605DF-2A24-4828-9CB7-5D1994ED7050}.Debug|Any CPU.ActiveCfg = Debug|Any CPU
		{1B5605DF-2A24-4828-9CB7-5D1994ED7050}.Debug|Any CPU.Build.0 = Debug|Any CPU
		{1B5605DF-2A24-4828-9CB7-5D1994ED7050}.Release|Any CPU.ActiveCfg = Release|Any CPU
		{1B5605DF-2A24-4828-9CB7-5D1994ED7050}.Release|Any CPU.Build.0 = Release|Any CPU
		{093DB2A5-12CD-417F-8B75-7C347B09FEA0}.Debug|Any CPU.ActiveCfg = Debug|Any CPU
		{093DB2A5-12CD-417F-8B75-7C347B09FEA0}.Debug|Any CPU.Build.0 = Debug|Any CPU
		{093DB2A5-12CD-417F-8B75-7C347B09FEA0}.Release|Any CPU.ActiveCfg = Release|Any CPU
		{093DB2A5-12CD-417F-8B75-7C347B09FEA0}.Release|Any CPU.Build.0 = Release|Any CPU
		{2507B861-358B-4662-A894-EDE0C5736D26}.Debug|Any CPU.ActiveCfg = Debug|Any CPU
		{2507B861-358B-4662-A894-EDE0C5736D26}.Debug|Any CPU.Build.0 = Debug|Any CPU
		{2507B861-358B-4662-A894-EDE0C5736D26}.Release|Any CPU.ActiveCfg = Release|Any CPU
		{2507B861-358B-4662-A894-EDE0C5736D26}.Release|Any CPU.Build.0 = Release|Any CPU
		{5D8253C6-2D6B-4788-A5A3-D54521538C91}.Debug|Any CPU.ActiveCfg = Debug|Any CPU
		{5D8253C6-2D6B-4788-A5A3-D54521538C91}.Debug|Any CPU.Build.0 = Debug|Any CPU
		{5D8253C6-2D6B-4788-A5A3-D54521538C91}.Release|Any CPU.ActiveCfg = Release|Any CPU
		{5D8253C6-2D6B-4788-A5A3-D54521538C91}.Release|Any CPU.Build.0 = Release|Any CPU
		{9A2FCA52-51AC-4037-8138-2867E38A0035}.Debug|Any CPU.ActiveCfg = Debug|Any CPU
		{9A2FCA52-51AC-4037-8138-2867E38A0035}.Debug|Any CPU.Build.0 = Debug|Any CPU
		{9A2FCA52-51AC-4037-8138-2867E38A0035}.Release|Any CPU.ActiveCfg = Release|Any CPU
		{9A2FCA52-51AC-4037-8138-2867E38A0035}.Release|Any CPU.Build.0 = Release|Any CPU
	EndGlobalSection
	GlobalSection(SolutionProperties) = preSolution
		HideSolutionNode = FALSE
	EndGlobalSection
	GlobalSection(ExtensibilityGlobals) = postSolution
		SolutionGuid = {227BFD25-6E05-4D38-8D65-C0CC13A38E84}
	EndGlobalSection
EndGlobal
